PODS:
  - Flutter (1.0.0)
  - flutter_3des (0.0.1):
    - Flutter

DEPENDENCIES:
  - Flutter (from `Flutter`)
  - flutter_3des (from `.symlinks/plugins/flutter_3des/ios`)

EXTERNAL SOURCES:
  Flutter:
    :path: Flutter
  flutter_3des:
    :path: ".symlinks/plugins/flutter_3des/ios"

SPEC CHECKSUMS:
  Flutter: 0e3d915762c693b495b44d77113d4970485de6ec
  flutter_3des: b3e82de7e7b4a0b0328b00101418ae0b1c74df63

PODFILE CHECKSUM: 1b66dae606f75376c5f2135a8290850eeb09ae83

COCOAPODS: 1.7.1
